
Microsoft Visual Studio Solution File, Format Version 12.00
# Visual Studio Version 17
VisualStudioVersion = 17.6.33815.320
MinimumVisualStudioVersion = 10.0.40219.1
Project("{FAE04EC0-301F-11D3-BF4B-00C04F79EFBC}") = "Restaurant", "Restaurant\Restaurant.csproj", "{745304F5-EE7A-4165-B802-1EC7BF83EEB2}"
EndProject
Global
	GlobalSection(SolutionConfigurationPlatforms) = preSolution
		Debug|Any CPU = Debug|Any CPU
		Release|Any CPU = Release|Any CPU
	EndGlobalSection
	GlobalSection(ProjectConfigurationPlatforms) = postSolution
		{745304F5-EE7A-4165-B802-1EC7BF83EEB2}.Debug|Any CPU.ActiveCfg = Debug|Any CPU
		{745304F5-EE7A-4165-B802-1EC7BF83EEB2}.Debug|Any CPU.Build.0 = Debug|Any CPU
		{745304F5-EE7A-4165-B802-1EC7BF83EEB2}.Release|Any CPU.ActiveCfg = Release|Any CPU
		{745304F5-EE7A-4165-B802-1EC7BF83EEB2}.Release|Any CPU.Build.0 = Release|Any CPU
	EndGlobalSection
	GlobalSection(SolutionProperties) = preSolution
		HideSolutionNode = FALSE
	EndGlobalSection
	GlobalSection(ExtensibilityGlobals) = postSolution
		SolutionGuid = {10FA0B18-7C33-47B5-B321-4C5FAD7E66E8}
	EndGlobalSection
EndGlobal
